
Microsoft Visual Studio Solution File, Format Version 12.00
# Visual Studio Version 17
VisualStudioVersion = 17.14.36623.8
MinimumVisualStudioVersion = 10.0.40219.1
Project("{FAE04EC0-301F-11D3-BF4B-00C04F79EFBC}") = "Task1", "Task1.csproj", "{888F815C-F341-4B28-BA6F-8EF897B30B67}"
EndProject
Project("{2150E333-8FDC-42A3-9474-1A3956D46DE8}") = "Solution Items", "Solution Items", "{8EC462FD-D22E-90A8-E5CE-7E832BA40C5D}"
	ProjectSection(SolutionItems) = preProject
		.gitignore = .gitignore
	EndProjectSection
EndProject
Project("{FAE04EC0-301F-11D3-BF4B-00C04F79EFBC}") = "Task2", "..\Task2\Task2.csproj", "{B0B338DC-6F20-4B7D-B75A-BD33DD9F7583}"
EndProject
Project("{FAE04EC0-301F-11D3-BF4B-00C04F79EFBC}") = "Task3", "..\Task3\Task3.csproj", "{CD793C19-85A6-40FC-B065-3E0E02863466}"
EndProject
Project("{FAE04EC0-301F-11D3-BF4B-00C04F79EFBC}") = "Task4", "..\Task4\Task4.csproj", "{915B483C-64BE-488D-AE64-8A9F86D0FF1C}"
EndProject
Project("{FAE04EC0-301F-11D3-BF4B-00C04F79EFBC}") = "Task5", "..\Task5\Task5.csproj", "{A81D34FE-52AD-4164-A095-A62F1465DA19}"
EndProject
Project("{FAE04EC0-301F-11D3-BF4B-00C04F79EFBC}") = "Task6", "..\Task6\Task6.csproj", "{175375A0-0CC4-41D8-B4E4-256E03C13F18}"
EndProject
Global
	GlobalSection(SolutionConfigurationPlatforms) = preSolution
		Debug|Any CPU = Debug|Any CPU
		Release|Any CPU = Release|Any CPU
	EndGlobalSection
	GlobalSection(ProjectConfigurationPlatforms) = postSolution
		{888F815C-F341-4B28-BA6F-8EF897B30B67}.Debug|Any CPU.ActiveCfg = Debug|Any CPU
		{888F815C-F341-4B28-BA6F-8EF897B30B67}.Debug|Any CPU.Build.0 = Debug|Any CPU
		{888F815C-F341-4B28-BA6F-8EF897B30B67}.Release|Any CPU.ActiveCfg = Release|Any CPU
		{888F815C-F341-4B28-BA6F-8EF897B30B67}.Release|Any CPU.Build.0 = Release|Any CPU
		{B0B338DC-6F20-4B7D-B75A-BD33DD9F7583}.Debug|Any CPU.ActiveCfg = Debug|Any CPU
		{B0B338DC-6F20-4B7D-B75A-BD33DD9F7583}.Debug|Any CPU.Build.0 = Debug|Any CPU
		{B0B338DC-6F20-4B7D-B75A-BD33DD9F7583}.Release|Any CPU.ActiveCfg = Release|Any CPU
		{B0B338DC-6F20-4B7D-B75A-BD33DD9F7583}.Release|Any CPU.Build.0 = Release|Any CPU
		{CD793C19-85A6-40FC-B065-3E0E02863466}.Debug|Any CPU.ActiveCfg = Debug|Any CPU
		{CD793C19-85A6-40FC-B065-3E0E02863466}.Debug|Any CPU.Build.0 = Debug|Any CPU
		{CD793C19-85A6-40FC-B065-3E0E02863466}.Release|Any CPU.ActiveCfg = Release|Any CPU
		{CD793C19-85A6-40FC-B065-3E0E02863466}.Release|Any CPU.Build.0 = Release|Any CPU
		{915B483C-64BE-488D-AE64-8A9F86D0FF1C}.Debug|Any CPU.ActiveCfg = Debug|Any CPU
		{915B483C-64BE-488D-AE64-8A9F86D0FF1C}.Debug|Any CPU.Build.0 = Debug|Any CPU
		{915B483C-64BE-488D-AE64-8A9F86D0FF1C}.Release|Any CPU.ActiveCfg = Release|Any CPU
		{915B483C-64BE-488D-AE64-8A9F86D0FF1C}.Release|Any CPU.Build.0 = Release|Any CPU
		{A81D34FE-52AD-4164-A095-A62F1465DA19}.Debug|Any CPU.ActiveCfg = Debug|Any CPU
		{A81D34FE-52AD-4164-A095-A62F1465DA19}.Debug|Any CPU.Build.0 = Debug|Any CPU
		{A81D34FE-52AD-4164-A095-A62F1465DA19}.Release|Any CPU.ActiveCfg = Release|Any CPU
		{A81D34FE-52AD-4164-A095-A62F1465DA19}.Release|Any CPU.Build.0 = Release|Any CPU
		{175375A0-0CC4-41D8-B4E4-256E03C13F18}.Debug|Any CPU.ActiveCfg = Debug|Any CPU
		{175375A0-0CC4-41D8-B4E4-256E03C13F18}.Debug|Any CPU.Build.0 = Debug|Any CPU
		{175375A0-0CC4-41D8-B4E4-256E03C13F18}.Release|Any CPU.ActiveCfg = Release|Any CPU
		{175375A0-0CC4-41D8-B4E4-256E03C13F18}.Release|Any CPU.Build.0 = Release|Any CPU
	EndGlobalSection
	GlobalSection(SolutionProperties) = preSolution
		HideSolutionNode = FALSE
	EndGlobalSection
	GlobalSection(ExtensibilityGlobals) = postSolution
		SolutionGuid = {5D7BEA57-F7B8-49D0-8C1A-BED826B90837}
	EndGlobalSection
EndGlobal
